
Microsoft Visual Studio Solution File, Format Version 12.00
# Visual Studio Version 17
VisualStudioVersion = 17.1.32228.430
MinimumVisualStudioVersion = 10.0.40219.1
Project("{9A19103F-16F7-4668-BE54-9A1E7A4F7556}") = "Domain.SystemModeller", "Domain.SystemModeller\Domain.SystemModeller.csproj", "{58C4C25E-D656-45F9-83E6-5B573056D03E}"
EndProject
Project("{9A19103F-16F7-4668-BE54-9A1E7A4F7556}") = "Domain.SystemModeller.Test", "Domain.SystemModeller.Test\Domain.SystemModeller.Test.csproj", "{4C390013-E742-44C5-8EC6-713FA60F7945}"
EndProject
Project("{9A19103F-16F7-4668-BE54-9A1E7A4F7556}") = "Domain.VehiclePriority", "Domain.VehiclePriority\Domain.VehiclePriority.csproj", "{443E6A75-B252-4100-AF00-8502C092F422}"
EndProject
Project("{9A19103F-16F7-4668-BE54-9A1E7A4F7556}") = "Domain.VehiclePriority.Test", "Domain.VehiclePriority.Test\Domain.VehiclePriority.Test.csproj", "{0B7B4F3E-1F27-4D26-8147-6A89B56236DE}"
EndProject
Project("{9A19103F-16F7-4668-BE54-9A1E7A4F7556}") = "ETA_Predictor", "ETA_Predictor\ETA_Predictor.csproj", "{00C526EC-88D7-4BAD-824E-35BC60ECE2FE}"
EndProject
Project("{9A19103F-16F7-4668-BE54-9A1E7A4F7556}") = "Gtfs", "Gtfs\Gtfs.csproj", "{765EFF07-7D94-4879-9830-3CC78A2E8E27}"
EndProject
Project("{9A19103F-16F7-4668-BE54-9A1E7A4F7556}") = "Model.SystemModeller.Test", "Model.SystemModeller.Test\Model.SystemModeller.Test.csproj", "{51E219CC-CB21-4DC8-910D-413EECF2DF11}"
EndProject
Project("{9A19103F-16F7-4668-BE54-9A1E7A4F7556}") = "Model.VehiclePriority", "Model.VehiclePriority\Model.VehiclePriority.csproj", "{69B5894C-A265-4120-B2E0-E7445EDA82DE}"
EndProject
Project("{9A19103F-16F7-4668-BE54-9A1E7A4F7556}") = "Model.VehiclePriority.Test", "Model.VehiclePriority.Test\Model.VehiclePriority.Test.csproj", "{8302DA59-5536-44DB-A70F-AE4F9BBDA6B5}"
EndProject
Project("{9A19103F-16F7-4668-BE54-9A1E7A4F7556}") = "Repository.SystemModeller", "Repository.SystemModeller\Repository.SystemModeller.csproj", "{0EE1171B-0A14-48D5-9694-84FDA2AFBCA2}"
EndProject
Project("{9A19103F-16F7-4668-BE54-9A1E7A4F7556}") = "Repository.SystemModeller.Test", "Repository.SystemModeller.Test\Repository.SystemModeller.Test.csproj", "{17657FD0-8248-45C1-AE0C-02EA77011C9B}"
EndProject
Project("{9A19103F-16F7-4668-BE54-9A1E7A4F7556}") = "Repository.VehiclePriority", "Repository.VehiclePriority\Repository.VehiclePriority.csproj", "{8C97F4B8-0673-4488-82B1-7F700DD5455B}"
EndProject
Project("{9A19103F-16F7-4668-BE54-9A1E7A4F7556}") = "Worker.Eta", "Worker.Eta\Worker.Eta.csproj", "{65E95FDE-CA4A-4441-90E9-9F6ED4B674C2}"
EndProject
Project("{2150E333-8FDC-42A3-9474-1A3956D46DE8}") = "common", "common", "{ED872148-F9AD-43E1-A3F9-35A7B229F105}"
EndProject
Project("{9A19103F-16F7-4668-BE54-9A1E7A4F7556}") = "Persistence.Common", "common\Persistence.Common\Persistence.Common.csproj", "{F1C86ABC-D83E-417B-9636-9F4109C0DDE8}"
EndProject
Project("{9A19103F-16F7-4668-BE54-9A1E7A4F7556}") = "Persistence.Common.Test", "common\Persistence.Common.Test\Persistence.Common.Test.csproj", "{A119FB7A-40FA-48B3-AAB2-218C7D1E20A0}"
EndProject
Project("{9A19103F-16F7-4668-BE54-9A1E7A4F7556}") = "Persistence.Mongo", "common\Persistence.Mongo\Persistence.Mongo.csproj", "{C55DD8D7-4168-4936-BD0F-2D158C619DA7}"
EndProject
Project("{9A19103F-16F7-4668-BE54-9A1E7A4F7556}") = "Persistence.Mongo.Test", "common\Persistence.Mongo.Test\Persistence.Mongo.Test.csproj", "{42838849-C4B0-44FB-8656-6B5448F8CC2E}"
EndProject
Project("{9A19103F-16F7-4668-BE54-9A1E7A4F7556}") = "Scheduler.Base", "common\Scheduler.Base\Scheduler.Base.csproj", "{B2093512-0361-41A8-97AB-DCA81E604E9B}"
EndProject
Project("{9A19103F-16F7-4668-BE54-9A1E7A4F7556}") = "Scheduler", "common\Scheduler\Scheduler.csproj", "{A9F5BA53-70B1-4EB9-8AC0-E9F253B2B613}"
EndProject
Project("{2150E333-8FDC-42A3-9474-1A3956D46DE8}") = "entities", "entities", "{E2A7ED53-C54D-4E47-99C3-98E739F73E60}"
EndProject
Project("{9A19103F-16F7-4668-BE54-9A1E7A4F7556}") = "Repository.Entities", "entities\Repository.Entities\Repository.Entities.csproj", "{DB0EEF54-05EC-44FF-876C-75749BE15C93}"
EndProject
Project("{9A19103F-16F7-4668-BE54-9A1E7A4F7556}") = "Models.Entities", "entities\Models.Entities\Models.Entities.csproj", "{9DC635A9-B0D4-41AF-AFA4-D72F7D6FBDF1}"
EndProject
Project("{9A19103F-16F7-4668-BE54-9A1E7A4F7556}") = "Messaging", "common\Messaging\Messaging.csproj", "{00A73648-8200-48DA-86FB-98C103E69ABB}"
EndProject
Project("{9A19103F-16F7-4668-BE54-9A1E7A4F7556}") = "Extensions", "common\Extensions\Extensions.csproj", "{49753E77-3AB2-4D7B-970F-143516AE6021}"
EndProject
Project("{9A19103F-16F7-4668-BE54-9A1E7A4F7556}") = "Helpers", "common\Helpers\Helpers.csproj", "{76FFA13E-1DED-4E72-8C63-53BF1E5B661E}"
EndProject
Project("{9A19103F-16F7-4668-BE54-9A1E7A4F7556}") = "Authorization", "common\Authorization\Authorization.csproj", "{57318417-C88D-4438-B3E2-8EAD63B1596A}"
EndProject
Project("{9A19103F-16F7-4668-BE54-9A1E7A4F7556}") = "Auditing", "common\Auditing\Auditing.csproj", "{A8FA600D-59EB-4861-8968-C8C18550B959}"
EndProject
Project("{9A19103F-16F7-4668-BE54-9A1E7A4F7556}") = "Monitoring.HealthChecks.Kafka", "common\Monitoring.HealthChecks.Kafka\Monitoring.HealthChecks.Kafka.csproj", "{0C163F65-80F3-42C9-B6DA-428B03BF22D8}"
EndProject
Project("{9A19103F-16F7-4668-BE54-9A1E7A4F7556}") = "Monitoring.HealthChecks.Mongo", "common\Monitoring.HealthChecks.Mongo\Monitoring.HealthChecks.Mongo.csproj", "{BAC1347C-15AC-4E57-9EC5-D4437622FDAA}"
EndProject
Project("{2150E333-8FDC-42A3-9474-1A3956D46DE8}") = "config", "config", "{2737BD2C-1E06-4CBF-BA9D-F77013E1D9DF}"
EndProject
Project("{9A19103F-16F7-4668-BE54-9A1E7A4F7556}") = "Config", "config\Config\Config.csproj", "{9AC250BB-8216-429C-A241-FD529D27A9C2}"
EndProject
Project("{9A19103F-16F7-4668-BE54-9A1E7A4F7556}") = "Monitoring", "common\Monitoring\Monitoring.csproj", "{FB779C4E-60F5-445A-83E5-9469EFC3AEEE}"
EndProject
Project("{FAE04EC0-301F-11D3-BF4B-00C04F79EFBC}") = "Api.VehiclePriority", "Api.VehiclePriority\Api.VehiclePriority.csproj", "{523213FF-97EC-4033-96AD-666598F2AE06}"
EndProject
Project("{2150E333-8FDC-42A3-9474-1A3956D46DE8}") = "asn1-j2735", "asn1-j2735", "{9463D3C3-C38B-45A2-AC32-18885CD79093}"
EndProject
Project("{FAE04EC0-301F-11D3-BF4B-00C04F79EFBC}") = "Asn1J2735", "asn1-j2735\Asn1J2735\Asn1J2735.csproj", "{F29DF67D-9624-4D90-9EB8-EA392E6F7FD2}"
EndProject
Project("{FAE04EC0-301F-11D3-BF4B-00C04F79EFBC}") = "J2735.201603", "asn1-j2735\Econolite.J2735_201603\J2735.201603.csproj", "{B0220FC6-541B-4819-B3E0-03F708F49167}"
EndProject
Project("{FAE04EC0-301F-11D3-BF4B-00C04F79EFBC}") = "Domain.Asn1.J2735", "asn1-j2735\Domain.Asn1.J2735\Domain.Asn1.J2735.csproj", "{E9DFBD0A-FD36-4836-A236-B154A7C13961}"
EndProject
Global
	GlobalSection(SolutionConfigurationPlatforms) = preSolution
		Debug|Any CPU = Debug|Any CPU
		Release|Any CPU = Release|Any CPU
	EndGlobalSection
	GlobalSection(ProjectConfigurationPlatforms) = postSolution
		{58C4C25E-D656-45F9-83E6-5B573056D03E}.Debug|Any CPU.ActiveCfg = Debug|Any CPU
		{58C4C25E-D656-45F9-83E6-5B573056D03E}.Debug|Any CPU.Build.0 = Debug|Any CPU
		{58C4C25E-D656-45F9-83E6-5B573056D03E}.Release|Any CPU.ActiveCfg = Release|Any CPU
		{58C4C25E-D656-45F9-83E6-5B573056D03E}.Release|Any CPU.Build.0 = Release|Any CPU
		{4C390013-E742-44C5-8EC6-713FA60F7945}.Debug|Any CPU.ActiveCfg = Debug|Any CPU
		{4C390013-E742-44C5-8EC6-713FA60F7945}.Debug|Any CPU.Build.0 = Debug|Any CPU
		{4C390013-E742-44C5-8EC6-713FA60F7945}.Release|Any CPU.ActiveCfg = Release|Any CPU
		{4C390013-E742-44C5-8EC6-713FA60F7945}.Release|Any CPU.Build.0 = Release|Any CPU
		{443E6A75-B252-4100-AF00-8502C092F422}.Debug|Any CPU.ActiveCfg = Debug|Any CPU
		{443E6A75-B252-4100-AF00-8502C092F422}.Debug|Any CPU.Build.0 = Debug|Any CPU
		{443E6A75-B252-4100-AF00-8502C092F422}.Release|Any CPU.ActiveCfg = Release|Any CPU
		{443E6A75-B252-4100-AF00-8502C092F422}.Release|Any CPU.Build.0 = Release|Any CPU
		{0B7B4F3E-1F27-4D26-8147-6A89B56236DE}.Debug|Any CPU.ActiveCfg = Debug|Any CPU
		{0B7B4F3E-1F27-4D26-8147-6A89B56236DE}.Debug|Any CPU.Build.0 = Debug|Any CPU
		{0B7B4F3E-1F27-4D26-8147-6A89B56236DE}.Release|Any CPU.ActiveCfg = Release|Any CPU
		{0B7B4F3E-1F27-4D26-8147-6A89B56236DE}.Release|Any CPU.Build.0 = Release|Any CPU
		{00C526EC-88D7-4BAD-824E-35BC60ECE2FE}.Debug|Any CPU.ActiveCfg = Debug|Any CPU
		{00C526EC-88D7-4BAD-824E-35BC60ECE2FE}.Debug|Any CPU.Build.0 = Debug|Any CPU
		{00C526EC-88D7-4BAD-824E-35BC60ECE2FE}.Release|Any CPU.ActiveCfg = Release|Any CPU
		{00C526EC-88D7-4BAD-824E-35BC60ECE2FE}.Release|Any CPU.Build.0 = Release|Any CPU
		{765EFF07-7D94-4879-9830-3CC78A2E8E27}.Debug|Any CPU.ActiveCfg = Debug|Any CPU
		{765EFF07-7D94-4879-9830-3CC78A2E8E27}.Debug|Any CPU.Build.0 = Debug|Any CPU
		{765EFF07-7D94-4879-9830-3CC78A2E8E27}.Release|Any CPU.ActiveCfg = Release|Any CPU
		{765EFF07-7D94-4879-9830-3CC78A2E8E27}.Release|Any CPU.Build.0 = Release|Any CPU
		{51E219CC-CB21-4DC8-910D-413EECF2DF11}.Debug|Any CPU.ActiveCfg = Debug|Any CPU
		{51E219CC-CB21-4DC8-910D-413EECF2DF11}.Debug|Any CPU.Build.0 = Debug|Any CPU
		{51E219CC-CB21-4DC8-910D-413EECF2DF11}.Release|Any CPU.ActiveCfg = Release|Any CPU
		{51E219CC-CB21-4DC8-910D-413EECF2DF11}.Release|Any CPU.Build.0 = Release|Any CPU
		{69B5894C-A265-4120-B2E0-E7445EDA82DE}.Debug|Any CPU.ActiveCfg = Debug|Any CPU
		{69B5894C-A265-4120-B2E0-E7445EDA82DE}.Debug|Any CPU.Build.0 = Debug|Any CPU
		{69B5894C-A265-4120-B2E0-E7445EDA82DE}.Release|Any CPU.ActiveCfg = Release|Any CPU
		{69B5894C-A265-4120-B2E0-E7445EDA82DE}.Release|Any CPU.Build.0 = Release|Any CPU
		{8302DA59-5536-44DB-A70F-AE4F9BBDA6B5}.Debug|Any CPU.ActiveCfg = Debug|Any CPU
		{8302DA59-5536-44DB-A70F-AE4F9BBDA6B5}.Debug|Any CPU.Build.0 = Debug|Any CPU
		{8302DA59-5536-44DB-A70F-AE4F9BBDA6B5}.Release|Any CPU.ActiveCfg = Release|Any CPU
		{8302DA59-5536-44DB-A70F-AE4F9BBDA6B5}.Release|Any CPU.Build.0 = Release|Any CPU
		{0EE1171B-0A14-48D5-9694-84FDA2AFBCA2}.Debug|Any CPU.ActiveCfg = Debug|Any CPU
		{0EE1171B-0A14-48D5-9694-84FDA2AFBCA2}.Debug|Any CPU.Build.0 = Debug|Any CPU
		{0EE1171B-0A14-48D5-9694-84FDA2AFBCA2}.Release|Any CPU.ActiveCfg = Release|Any CPU
		{0EE1171B-0A14-48D5-9694-84FDA2AFBCA2}.Release|Any CPU.Build.0 = Release|Any CPU
		{17657FD0-8248-45C1-AE0C-02EA77011C9B}.Debug|Any CPU.ActiveCfg = Debug|Any CPU
		{17657FD0-8248-45C1-AE0C-02EA77011C9B}.Debug|Any CPU.Build.0 = Debug|Any CPU
		{17657FD0-8248-45C1-AE0C-02EA77011C9B}.Release|Any CPU.ActiveCfg = Release|Any CPU
		{17657FD0-8248-45C1-AE0C-02EA77011C9B}.Release|Any CPU.Build.0 = Release|Any CPU
		{8C97F4B8-0673-4488-82B1-7F700DD5455B}.Debug|Any CPU.ActiveCfg = Debug|Any CPU
		{8C97F4B8-0673-4488-82B1-7F700DD5455B}.Debug|Any CPU.Build.0 = Debug|Any CPU
		{8C97F4B8-0673-4488-82B1-7F700DD5455B}.Release|Any CPU.ActiveCfg = Release|Any CPU
		{8C97F4B8-0673-4488-82B1-7F700DD5455B}.Release|Any CPU.Build.0 = Release|Any CPU
		{65E95FDE-CA4A-4441-90E9-9F6ED4B674C2}.Debug|Any CPU.ActiveCfg = Debug|Any CPU
		{65E95FDE-CA4A-4441-90E9-9F6ED4B674C2}.Debug|Any CPU.Build.0 = Debug|Any CPU
		{65E95FDE-CA4A-4441-90E9-9F6ED4B674C2}.Release|Any CPU.ActiveCfg = Release|Any CPU
		{65E95FDE-CA4A-4441-90E9-9F6ED4B674C2}.Release|Any CPU.Build.0 = Release|Any CPU
		{F1C86ABC-D83E-417B-9636-9F4109C0DDE8}.Debug|Any CPU.ActiveCfg = Debug|Any CPU
		{F1C86ABC-D83E-417B-9636-9F4109C0DDE8}.Debug|Any CPU.Build.0 = Debug|Any CPU
		{F1C86ABC-D83E-417B-9636-9F4109C0DDE8}.Release|Any CPU.ActiveCfg = Release|Any CPU
		{F1C86ABC-D83E-417B-9636-9F4109C0DDE8}.Release|Any CPU.Build.0 = Release|Any CPU
		{A119FB7A-40FA-48B3-AAB2-218C7D1E20A0}.Debug|Any CPU.ActiveCfg = Debug|Any CPU
		{A119FB7A-40FA-48B3-AAB2-218C7D1E20A0}.Debug|Any CPU.Build.0 = Debug|Any CPU
		{A119FB7A-40FA-48B3-AAB2-218C7D1E20A0}.Release|Any CPU.ActiveCfg = Release|Any CPU
		{A119FB7A-40FA-48B3-AAB2-218C7D1E20A0}.Release|Any CPU.Build.0 = Release|Any CPU
		{C55DD8D7-4168-4936-BD0F-2D158C619DA7}.Debug|Any CPU.ActiveCfg = Debug|Any CPU
		{C55DD8D7-4168-4936-BD0F-2D158C619DA7}.Debug|Any CPU.Build.0 = Debug|Any CPU
		{C55DD8D7-4168-4936-BD0F-2D158C619DA7}.Release|Any CPU.ActiveCfg = Release|Any CPU
		{C55DD8D7-4168-4936-BD0F-2D158C619DA7}.Release|Any CPU.Build.0 = Release|Any CPU
		{42838849-C4B0-44FB-8656-6B5448F8CC2E}.Debug|Any CPU.ActiveCfg = Debug|Any CPU
		{42838849-C4B0-44FB-8656-6B5448F8CC2E}.Debug|Any CPU.Build.0 = Debug|Any CPU
		{42838849-C4B0-44FB-8656-6B5448F8CC2E}.Release|Any CPU.ActiveCfg = Release|Any CPU
		{42838849-C4B0-44FB-8656-6B5448F8CC2E}.Release|Any CPU.Build.0 = Release|Any CPU
		{B2093512-0361-41A8-97AB-DCA81E604E9B}.Debug|Any CPU.ActiveCfg = Debug|Any CPU
		{B2093512-0361-41A8-97AB-DCA81E604E9B}.Debug|Any CPU.Build.0 = Debug|Any CPU
		{B2093512-0361-41A8-97AB-DCA81E604E9B}.Release|Any CPU.ActiveCfg = Release|Any CPU
		{B2093512-0361-41A8-97AB-DCA81E604E9B}.Release|Any CPU.Build.0 = Release|Any CPU
		{A9F5BA53-70B1-4EB9-8AC0-E9F253B2B613}.Debug|Any CPU.ActiveCfg = Debug|Any CPU
		{A9F5BA53-70B1-4EB9-8AC0-E9F253B2B613}.Debug|Any CPU.Build.0 = Debug|Any CPU
		{A9F5BA53-70B1-4EB9-8AC0-E9F253B2B613}.Release|Any CPU.ActiveCfg = Release|Any CPU
		{A9F5BA53-70B1-4EB9-8AC0-E9F253B2B613}.Release|Any CPU.Build.0 = Release|Any CPU
		{DB0EEF54-05EC-44FF-876C-75749BE15C93}.Debug|Any CPU.ActiveCfg = Debug|Any CPU
		{DB0EEF54-05EC-44FF-876C-75749BE15C93}.Debug|Any CPU.Build.0 = Debug|Any CPU
		{DB0EEF54-05EC-44FF-876C-75749BE15C93}.Release|Any CPU.ActiveCfg = Release|Any CPU
		{DB0EEF54-05EC-44FF-876C-75749BE15C93}.Release|Any CPU.Build.0 = Release|Any CPU
		{9DC635A9-B0D4-41AF-AFA4-D72F7D6FBDF1}.Debug|Any CPU.ActiveCfg = Debug|Any CPU
		{9DC635A9-B0D4-41AF-AFA4-D72F7D6FBDF1}.Debug|Any CPU.Build.0 = Debug|Any CPU
		{9DC635A9-B0D4-41AF-AFA4-D72F7D6FBDF1}.Release|Any CPU.ActiveCfg = Release|Any CPU
		{9DC635A9-B0D4-41AF-AFA4-D72F7D6FBDF1}.Release|Any CPU.Build.0 = Release|Any CPU
		{00A73648-8200-48DA-86FB-98C103E69ABB}.Debug|Any CPU.ActiveCfg = Debug|Any CPU
		{00A73648-8200-48DA-86FB-98C103E69ABB}.Debug|Any CPU.Build.0 = Debug|Any CPU
		{00A73648-8200-48DA-86FB-98C103E69ABB}.Release|Any CPU.ActiveCfg = Release|Any CPU
		{00A73648-8200-48DA-86FB-98C103E69ABB}.Release|Any CPU.Build.0 = Release|Any CPU
		{49753E77-3AB2-4D7B-970F-143516AE6021}.Debug|Any CPU.ActiveCfg = Debug|Any CPU
		{49753E77-3AB2-4D7B-970F-143516AE6021}.Debug|Any CPU.Build.0 = Debug|Any CPU
		{49753E77-3AB2-4D7B-970F-143516AE6021}.Release|Any CPU.ActiveCfg = Release|Any CPU
		{49753E77-3AB2-4D7B-970F-143516AE6021}.Release|Any CPU.Build.0 = Release|Any CPU
		{76FFA13E-1DED-4E72-8C63-53BF1E5B661E}.Debug|Any CPU.ActiveCfg = Debug|Any CPU
		{76FFA13E-1DED-4E72-8C63-53BF1E5B661E}.Debug|Any CPU.Build.0 = Debug|Any CPU
		{76FFA13E-1DED-4E72-8C63-53BF1E5B661E}.Release|Any CPU.ActiveCfg = Release|Any CPU
		{76FFA13E-1DED-4E72-8C63-53BF1E5B661E}.Release|Any CPU.Build.0 = Release|Any CPU
		{57318417-C88D-4438-B3E2-8EAD63B1596A}.Debug|Any CPU.ActiveCfg = Debug|Any CPU
		{57318417-C88D-4438-B3E2-8EAD63B1596A}.Debug|Any CPU.Build.0 = Debug|Any CPU
		{57318417-C88D-4438-B3E2-8EAD63B1596A}.Release|Any CPU.ActiveCfg = Release|Any CPU
		{57318417-C88D-4438-B3E2-8EAD63B1596A}.Release|Any CPU.Build.0 = Release|Any CPU
		{A8FA600D-59EB-4861-8968-C8C18550B959}.Debug|Any CPU.ActiveCfg = Debug|Any CPU
		{A8FA600D-59EB-4861-8968-C8C18550B959}.Debug|Any CPU.Build.0 = Debug|Any CPU
		{A8FA600D-59EB-4861-8968-C8C18550B959}.Release|Any CPU.ActiveCfg = Release|Any CPU
		{A8FA600D-59EB-4861-8968-C8C18550B959}.Release|Any CPU.Build.0 = Release|Any CPU
		{0C163F65-80F3-42C9-B6DA-428B03BF22D8}.Debug|Any CPU.ActiveCfg = Debug|Any CPU
		{0C163F65-80F3-42C9-B6DA-428B03BF22D8}.Debug|Any CPU.Build.0 = Debug|Any CPU
		{0C163F65-80F3-42C9-B6DA-428B03BF22D8}.Release|Any CPU.ActiveCfg = Release|Any CPU
		{0C163F65-80F3-42C9-B6DA-428B03BF22D8}.Release|Any CPU.Build.0 = Release|Any CPU
		{BAC1347C-15AC-4E57-9EC5-D4437622FDAA}.Debug|Any CPU.ActiveCfg = Debug|Any CPU
		{BAC1347C-15AC-4E57-9EC5-D4437622FDAA}.Debug|Any CPU.Build.0 = Debug|Any CPU
		{BAC1347C-15AC-4E57-9EC5-D4437622FDAA}.Release|Any CPU.ActiveCfg = Release|Any CPU
		{BAC1347C-15AC-4E57-9EC5-D4437622FDAA}.Release|Any CPU.Build.0 = Release|Any CPU
		{9AC250BB-8216-429C-A241-FD529D27A9C2}.Debug|Any CPU.ActiveCfg = Debug|Any CPU
		{9AC250BB-8216-429C-A241-FD529D27A9C2}.Debug|Any CPU.Build.0 = Debug|Any CPU
		{9AC250BB-8216-429C-A241-FD529D27A9C2}.Release|Any CPU.ActiveCfg = Release|Any CPU
		{9AC250BB-8216-429C-A241-FD529D27A9C2}.Release|Any CPU.Build.0 = Release|Any CPU
		{FB779C4E-60F5-445A-83E5-9469EFC3AEEE}.Debug|Any CPU.ActiveCfg = Debug|Any CPU
		{FB779C4E-60F5-445A-83E5-9469EFC3AEEE}.Debug|Any CPU.Build.0 = Debug|Any CPU
		{FB779C4E-60F5-445A-83E5-9469EFC3AEEE}.Release|Any CPU.ActiveCfg = Release|Any CPU
		{FB779C4E-60F5-445A-83E5-9469EFC3AEEE}.Release|Any CPU.Build.0 = Release|Any CPU
		{523213FF-97EC-4033-96AD-666598F2AE06}.Debug|Any CPU.ActiveCfg = Debug|Any CPU
		{523213FF-97EC-4033-96AD-666598F2AE06}.Debug|Any CPU.Build.0 = Debug|Any CPU
		{523213FF-97EC-4033-96AD-666598F2AE06}.Release|Any CPU.ActiveCfg = Release|Any CPU
		{523213FF-97EC-4033-96AD-666598F2AE06}.Release|Any CPU.Build.0 = Release|Any CPU
		{F29DF67D-9624-4D90-9EB8-EA392E6F7FD2}.Debug|Any CPU.ActiveCfg = Debug|Any CPU
		{F29DF67D-9624-4D90-9EB8-EA392E6F7FD2}.Debug|Any CPU.Build.0 = Debug|Any CPU
		{F29DF67D-9624-4D90-9EB8-EA392E6F7FD2}.Release|Any CPU.ActiveCfg = Release|Any CPU
		{F29DF67D-9624-4D90-9EB8-EA392E6F7FD2}.Release|Any CPU.Build.0 = Release|Any CPU
		{B0220FC6-541B-4819-B3E0-03F708F49167}.Debug|Any CPU.ActiveCfg = Debug|Any CPU
		{B0220FC6-541B-4819-B3E0-03F708F49167}.Debug|Any CPU.Build.0 = Debug|Any CPU
		{B0220FC6-541B-4819-B3E0-03F708F49167}.Release|Any CPU.ActiveCfg = Release|Any CPU
		{B0220FC6-541B-4819-B3E0-03F708F49167}.Release|Any CPU.Build.0 = Release|Any CPU
		{E9DFBD0A-FD36-4836-A236-B154A7C13961}.Debug|Any CPU.ActiveCfg = Debug|Any CPU
		{E9DFBD0A-FD36-4836-A236-B154A7C13961}.Debug|Any CPU.Build.0 = Debug|Any CPU
		{E9DFBD0A-FD36-4836-A236-B154A7C13961}.Release|Any CPU.ActiveCfg = Release|Any CPU
		{E9DFBD0A-FD36-4836-A236-B154A7C13961}.Release|Any CPU.Build.0 = Release|Any CPU
	EndGlobalSection
	GlobalSection(SolutionProperties) = preSolution
		HideSolutionNode = FALSE
	EndGlobalSection
	GlobalSection(NestedProjects) = preSolution
		{F1C86ABC-D83E-417B-9636-9F4109C0DDE8} = {ED872148-F9AD-43E1-A3F9-35A7B229F105}
		{A119FB7A-40FA-48B3-AAB2-218C7D1E20A0} = {ED872148-F9AD-43E1-A3F9-35A7B229F105}
		{C55DD8D7-4168-4936-BD0F-2D158C619DA7} = {ED872148-F9AD-43E1-A3F9-35A7B229F105}
		{42838849-C4B0-44FB-8656-6B5448F8CC2E} = {ED872148-F9AD-43E1-A3F9-35A7B229F105}
		{B2093512-0361-41A8-97AB-DCA81E604E9B} = {ED872148-F9AD-43E1-A3F9-35A7B229F105}
		{A9F5BA53-70B1-4EB9-8AC0-E9F253B2B613} = {ED872148-F9AD-43E1-A3F9-35A7B229F105}
		{DB0EEF54-05EC-44FF-876C-75749BE15C93} = {E2A7ED53-C54D-4E47-99C3-98E739F73E60}
		{9DC635A9-B0D4-41AF-AFA4-D72F7D6FBDF1} = {E2A7ED53-C54D-4E47-99C3-98E739F73E60}
		{00A73648-8200-48DA-86FB-98C103E69ABB} = {ED872148-F9AD-43E1-A3F9-35A7B229F105}
		{49753E77-3AB2-4D7B-970F-143516AE6021} = {ED872148-F9AD-43E1-A3F9-35A7B229F105}
		{76FFA13E-1DED-4E72-8C63-53BF1E5B661E} = {ED872148-F9AD-43E1-A3F9-35A7B229F105}
		{57318417-C88D-4438-B3E2-8EAD63B1596A} = {ED872148-F9AD-43E1-A3F9-35A7B229F105}
		{A8FA600D-59EB-4861-8968-C8C18550B959} = {ED872148-F9AD-43E1-A3F9-35A7B229F105}
		{0C163F65-80F3-42C9-B6DA-428B03BF22D8} = {ED872148-F9AD-43E1-A3F9-35A7B229F105}
		{BAC1347C-15AC-4E57-9EC5-D4437622FDAA} = {ED872148-F9AD-43E1-A3F9-35A7B229F105}
		{9AC250BB-8216-429C-A241-FD529D27A9C2} = {2737BD2C-1E06-4CBF-BA9D-F77013E1D9DF}
		{FB779C4E-60F5-445A-83E5-9469EFC3AEEE} = {ED872148-F9AD-43E1-A3F9-35A7B229F105}
		{F29DF67D-9624-4D90-9EB8-EA392E6F7FD2} = {9463D3C3-C38B-45A2-AC32-18885CD79093}
		{B0220FC6-541B-4819-B3E0-03F708F49167} = {9463D3C3-C38B-45A2-AC32-18885CD79093}
		{E9DFBD0A-FD36-4836-A236-B154A7C13961} = {9463D3C3-C38B-45A2-AC32-18885CD79093}
	EndGlobalSection
	GlobalSection(ExtensibilityGlobals) = postSolution
		SolutionGuid = {57FEFBBB-7FFE-47BE-93FE-FC2B534C2907}
	EndGlobalSection
EndGlobal
